
Microsoft Visual Studio Solution File, Format Version 12.00
# Visual Studio Version 16
VisualStudioVersion = 16.0.32126.315
MinimumVisualStudioVersion = 10.0.40219.1
Project("{FAE04EC0-301F-11D3-BF4B-00C04F79EFBC}") = "BiletSatisVeRezervasyonProject", "BiletSatisVeRezervasyonProject\BiletSatisVeRezervasyonProject.csproj", "{A598F941-9BF7-4F13-BF66-08933BFBF02F}"
EndProject
Global
	GlobalSection(SolutionConfigurationPlatforms) = preSolution
		Debug|Any CPU = Debug|Any CPU
		Release|Any CPU = Release|Any CPU
	EndGlobalSection
	GlobalSection(ProjectConfigurationPlatforms) = postSolution
		{A598F941-9BF7-4F13-BF66-08933BFBF02F}.Debug|Any CPU.ActiveCfg = Debug|Any CPU
		{A598F941-9BF7-4F13-BF66-08933BFBF02F}.Debug|Any CPU.Build.0 = Debug|Any CPU
		{A598F941-9BF7-4F13-BF66-08933BFBF02F}.Release|Any CPU.ActiveCfg = Release|Any CPU
		{A598F941-9BF7-4F13-BF66-08933BFBF02F}.Release|Any CPU.Build.0 = Release|Any CPU
	EndGlobalSection
	GlobalSection(SolutionProperties) = preSolution
		HideSolutionNode = FALSE
	EndGlobalSection
	GlobalSection(ExtensibilityGlobals) = postSolution
		SolutionGuid = {63077E26-E22F-4423-868E-2FFA601441FA}
	EndGlobalSection
EndGlobal
